
Microsoft Visual Studio Solution File, Format Version 12.00
# Visual Studio 15
VisualStudioVersion = 15.0.28307.168
MinimumVisualStudioVersion = 10.0.40219.1
Project("{888888A0-9F3D-457C-B088-3A5042F75D52}") = "DjangoWebProject1", "DjangoWebProject1\DjangoWebProject1.pyproj", "{42E954C9-484A-49B8-993C-C7BBFA8E7784}"
EndProject
Global
	GlobalSection(SolutionConfigurationPlatforms) = preSolution
		Debug|Any CPU = Debug|Any CPU
		Release|Any CPU = Release|Any CPU
	EndGlobalSection
	GlobalSection(ProjectConfigurationPlatforms) = postSolution
		{42E954C9-484A-49B8-993C-C7BBFA8E7784}.Debug|Any CPU.ActiveCfg = Debug|Any CPU
		{42E954C9-484A-49B8-993C-C7BBFA8E7784}.Debug|Any CPU.Build.0 = Debug|Any CPU
		{42E954C9-484A-49B8-993C-C7BBFA8E7784}.Release|Any CPU.ActiveCfg = Release|Any CPU
		{42E954C9-484A-49B8-993C-C7BBFA8E7784}.Release|Any CPU.Build.0 = Release|Any CPU
	EndGlobalSection
	GlobalSection(SolutionProperties) = preSolution
		HideSolutionNode = FALSE
	EndGlobalSection
	GlobalSection(ExtensibilityGlobals) = postSolution
		SolutionGuid = {FC01748E-699B-497A-B4E4-931D59F598C5}
	EndGlobalSection
EndGlobal
